
Microsoft Visual Studio Solution File, Format Version 12.00
# Visual Studio Version 17
VisualStudioVersion = 17.4.33213.308
MinimumVisualStudioVersion = 10.0.40219.1
Project("{FAE04EC0-301F-11D3-BF4B-00C04F79EFBC}") = "WpfCookBook", "WpfCookBook\WpfCookBook.csproj", "{64D204FA-CA0A-4095-AFB4-3C6725A617D0}"
EndProject
Global
	GlobalSection(SolutionConfigurationPlatforms) = preSolution
		Debug|Any CPU = Debug|Any CPU
		Release|Any CPU = Release|Any CPU
	EndGlobalSection
	GlobalSection(ProjectConfigurationPlatforms) = postSolution
		{64D204FA-CA0A-4095-AFB4-3C6725A617D0}.Debug|Any CPU.ActiveCfg = Debug|Any CPU
		{64D204FA-CA0A-4095-AFB4-3C6725A617D0}.Debug|Any CPU.Build.0 = Debug|Any CPU
		{64D204FA-CA0A-4095-AFB4-3C6725A617D0}.Release|Any CPU.ActiveCfg = Release|Any CPU
		{64D204FA-CA0A-4095-AFB4-3C6725A617D0}.Release|Any CPU.Build.0 = Release|Any CPU
	EndGlobalSection
	GlobalSection(SolutionProperties) = preSolution
		HideSolutionNode = FALSE
	EndGlobalSection
	GlobalSection(ExtensibilityGlobals) = postSolution
		SolutionGuid = {179CB3BB-41D2-48E8-AC0F-24ED1107A7BC}
	EndGlobalSection
EndGlobal
